{
  "version": 4,
  "terraform_version": "1.1.0",
  "serial": 72,
  "lineage": "d588cbbf-fc9a-6352-e563-294eac56a934",
  "outputs": {},
  "resources": [
    {
      "mode": "data",
      "type": "aws_iam_policy_document",
      "name": "bucket_policy",
      "provider": "provider[\"registry.terraform.io/hashicorp/aws\"]",
      "instances": [
        {
          "schema_version": 0,
          "attributes": {
            "id": "4532501",
            "json": "{\n  \"Version\": \"2012-10-17\",\n  \"Statement\": [\n    {\n      \"Sid\": \"\",\n      \"Effect\": \"Allow\",\n      \"Action\": \"s3:ListBucket\",\n      \"Resource\": \"arn:aws:s3:::tfstate-kozlenkov-bucket\",\n      \"Principal\": {\n        \"AWS\": \"arn:aws:iam::253864031318:role/terraform-20211212155414127500000001\"\n      }\n    }\n  ]\n}",
            "override_json": null,
            "override_policy_documents": null,
            "policy_id": null,
            "source_json": null,
            "source_policy_documents": null,
            "statement": [
              {
                "actions": [
                  "s3:ListBucket"
                ],
                "condition": [],
                "effect": "Allow",
                "not_actions": [],
                "not_principals": [],
                "not_resources": [],
                "principals": [
                  {
                    "identifiers": [
                      "arn:aws:iam::253864031318:role/terraform-20211212155414127500000001"
                    ],
                    "type": "AWS"
                  }
                ],
                "resources": [
                  "arn:aws:s3:::tfstate-kozlenkov-bucket"
                ],
                "sid": ""
              }
            ],
            "version": "2012-10-17"
          },
          "sensitive_attributes": []
        }
      ]
    },
    {
      "mode": "managed",
      "type": "aws_iam_role",
      "name": "this",
      "provider": "provider[\"registry.terraform.io/hashicorp/aws\"]",
      "instances": [
        {
          "schema_version": 0,
          "attributes": {
            "arn": "arn:aws:iam::253864031318:role/terraform-20211212155414127500000001",
            "assume_role_policy": "{\"Version\":\"2012-10-17\",\"Statement\":[{\"Sid\":\"\",\"Effect\":\"Allow\",\"Principal\":{\"Service\":\"ec2.amazonaws.com\"},\"Action\":\"sts:AssumeRole\"}]}",
            "create_date": "2021-12-12T15:54:14Z",
            "description": "",
            "force_detach_policies": false,
            "id": "terraform-20211212155414127500000001",
            "inline_policy": [
              {
                "name": "",
                "policy": ""
              }
            ],
            "managed_policy_arns": [],
            "max_session_duration": 3600,
            "name": "terraform-20211212155414127500000001",
            "name_prefix": "terraform-",
            "path": "/",
            "permissions_boundary": null,
            "tags": {},
            "tags_all": {},
            "unique_id": "AROATWG3ZWRLMJFUVJM2A"
          },
          "sensitive_attributes": [],
          "private": "bnVsbA=="
        }
      ]
    },
    {
      "mode": "managed",
      "type": "aws_kms_key",
      "name": "objects",
      "provider": "provider[\"registry.terraform.io/hashicorp/aws\"]",
      "instances": [
        {
          "schema_version": 0,
          "attributes": {
            "arn": "arn:aws:kms:eu-west-1:253864031318:key/885b11df-ab49-490f-9d4c-f2572f7ae1a4",
            "bypass_policy_lockout_safety_check": false,
            "customer_master_key_spec": "SYMMETRIC_DEFAULT",
            "deletion_window_in_days": 7,
            "description": "KMS key is used to encrypt bucket objects",
            "enable_key_rotation": false,
            "id": "885b11df-ab49-490f-9d4c-f2572f7ae1a4",
            "is_enabled": true,
            "key_id": "885b11df-ab49-490f-9d4c-f2572f7ae1a4",
            "key_usage": "ENCRYPT_DECRYPT",
            "multi_region": false,
            "policy": "{\"Id\":\"key-default-1\",\"Statement\":[{\"Action\":\"kms:*\",\"Effect\":\"Allow\",\"Principal\":{\"AWS\":\"arn:aws:iam::253864031318:root\"},\"Resource\":\"*\",\"Sid\":\"Enable IAM User Permissions\"}],\"Version\":\"2012-10-17\"}",
            "tags": {},
            "tags_all": {}
          },
          "sensitive_attributes": [],
          "private": "bnVsbA=="
        }
      ]
    },
    {
      "module": "module.dynamodb",
      "mode": "managed",
      "type": "aws_dynamodb_table",
      "name": "this",
      "provider": "provider[\"registry.terraform.io/hashicorp/aws\"]",
      "instances": [
        {
          "index_key": 0,
          "schema_version": 1,
          "attributes": {
            "arn": "arn:aws:dynamodb:eu-west-1:253864031318:table/tfstate_dynamodb",
            "attribute": [
              {
                "name": "LockID",
                "type": "S"
              }
            ],
            "billing_mode": "PAY_PER_REQUEST",
            "global_secondary_index": [],
            "hash_key": "LockID",
            "id": "tfstate_dynamodb",
            "local_secondary_index": [],
            "name": "tfstate_dynamodb",
            "point_in_time_recovery": [
              {
                "enabled": true
              }
            ],
            "range_key": null,
            "read_capacity": 0,
            "replica": [],
            "server_side_encryption": [],
            "stream_arn": "",
            "stream_enabled": false,
            "stream_label": "",
            "stream_view_type": "",
            "table_class": "",
            "tags": {
              "Environment": "stage",
              "Name": "tfstate_dynamodb",
              "Owner": "Artem",
              "Terraform": "true"
            },
            "tags_all": {
              "Environment": "stage",
              "Name": "tfstate_dynamodb",
              "Owner": "Artem",
              "Terraform": "true"
            },
            "timeouts": {
              "create": "10m",
              "delete": "10m",
              "update": "60m"
            },
            "ttl": [
              {
                "attribute_name": "",
                "enabled": false,
                "kms_key_arn": ""
              }
            ],
            "write_capacity": 0
          },
          "sensitive_attributes": [],
          "private": "eyJlMmJmYjczMC1lY2FhLTExZTYtOGY4OC0zNDM2M2JjN2M0YzAiOnsiY3JlYXRlIjo2MDAwMDAwMDAwMDAsImRlbGV0ZSI6NjAwMDAwMDAwMDAwLCJ1cGRhdGUiOjM2MDAwMDAwMDAwMDB9LCJzY2hlbWFfdmVyc2lvbiI6IjEifQ=="
        }
      ]
    },
    {
      "module": "module.log_bucket",
      "mode": "data",
      "type": "aws_iam_policy_document",
      "name": "combined",
      "provider": "provider[\"registry.terraform.io/hashicorp/aws\"]",
      "instances": [
        {
          "index_key": 0,
          "schema_version": 0,
          "attributes": {
            "id": "459774463",
            "json": "{\n  \"Version\": \"2012-10-17\",\n  \"Statement\": [\n    {\n      \"Sid\": \"denyInsecureTransport\",\n      \"Effect\": \"Deny\",\n      \"Action\": \"s3:*\",\n      \"Resource\": [\n        \"arn:aws:s3:::logs-tfstate-kozlenkov-bucket/*\",\n        \"arn:aws:s3:::logs-tfstate-kozlenkov-bucket\"\n      ],\n      \"Principal\": \"*\",\n      \"Condition\": {\n        \"Bool\": {\n          \"aws:SecureTransport\": [\n            \"false\"\n          ]\n        }\n      }\n    }\n  ]\n}",
            "override_json": null,
            "override_policy_documents": null,
            "policy_id": null,
            "source_json": null,
            "source_policy_documents": [
              "{\n  \"Version\": \"2012-10-17\",\n  \"Statement\": [\n    {\n      \"Sid\": \"denyInsecureTransport\",\n      \"Effect\": \"Deny\",\n      \"Action\": \"s3:*\",\n      \"Resource\": [\n        \"arn:aws:s3:::logs-tfstate-kozlenkov-bucket/*\",\n        \"arn:aws:s3:::logs-tfstate-kozlenkov-bucket\"\n      ],\n      \"Principal\": \"*\",\n      \"Condition\": {\n        \"Bool\": {\n          \"aws:SecureTransport\": \"false\"\n        }\n      }\n    }\n  ]\n}"
            ],
            "statement": null,
            "version": "2012-10-17"
          },
          "sensitive_attributes": []
        }
      ]
    },
    {
      "module": "module.log_bucket",
      "mode": "data",
      "type": "aws_iam_policy_document",
      "name": "deny_insecure_transport",
      "provider": "provider[\"registry.terraform.io/hashicorp/aws\"]",
      "instances": [
        {
          "index_key": 0,
          "schema_version": 0,
          "attributes": {
            "id": "3250785131",
            "json": "{\n  \"Version\": \"2012-10-17\",\n  \"Statement\": [\n    {\n      \"Sid\": \"denyInsecureTransport\",\n      \"Effect\": \"Deny\",\n      \"Action\": \"s3:*\",\n      \"Resource\": [\n        \"arn:aws:s3:::logs-tfstate-kozlenkov-bucket/*\",\n        \"arn:aws:s3:::logs-tfstate-kozlenkov-bucket\"\n      ],\n      \"Principal\": \"*\",\n      \"Condition\": {\n        \"Bool\": {\n          \"aws:SecureTransport\": \"false\"\n        }\n      }\n    }\n  ]\n}",
            "override_json": null,
            "override_policy_documents": null,
            "policy_id": null,
            "source_json": null,
            "source_policy_documents": null,
            "statement": [
              {
                "actions": [
                  "s3:*"
                ],
                "condition": [
                  {
                    "test": "Bool",
                    "values": [
                      "false"
                    ],
                    "variable": "aws:SecureTransport"
                  }
                ],
                "effect": "Deny",
                "not_actions": [],
                "not_principals": [],
                "not_resources": [],
                "principals": [
                  {
                    "identifiers": [
                      "*"
                    ],
                    "type": "*"
                  }
                ],
                "resources": [
                  "arn:aws:s3:::logs-tfstate-kozlenkov-bucket",
                  "arn:aws:s3:::logs-tfstate-kozlenkov-bucket/*"
                ],
                "sid": "denyInsecureTransport"
              }
            ],
            "version": "2012-10-17"
          },
          "sensitive_attributes": []
        }
      ]
    },
    {
      "module": "module.log_bucket",
      "mode": "managed",
      "type": "aws_s3_bucket",
      "name": "this",
      "provider": "provider[\"registry.terraform.io/hashicorp/aws\"]",
      "instances": [
        {
          "index_key": 0,
          "schema_version": 0,
          "attributes": {
            "acceleration_status": "",
            "acl": "log-delivery-write",
            "arn": "arn:aws:s3:::logs-tfstate-kozlenkov-bucket",
            "bucket": "logs-tfstate-kozlenkov-bucket",
            "bucket_domain_name": "logs-tfstate-kozlenkov-bucket.s3.amazonaws.com",
            "bucket_prefix": null,
            "bucket_regional_domain_name": "logs-tfstate-kozlenkov-bucket.s3.eu-west-1.amazonaws.com",
            "cors_rule": [],
            "force_destroy": true,
            "grant": [],
            "hosted_zone_id": "Z1BKCTXD74EZPE",
            "id": "logs-tfstate-kozlenkov-bucket",
            "lifecycle_rule": [],
            "logging": [],
            "object_lock_configuration": [],
            "policy": null,
            "region": "eu-west-1",
            "replication_configuration": [],
            "request_payer": "BucketOwner",
            "server_side_encryption_configuration": [],
            "tags": null,
            "tags_all": {},
            "versioning": [
              {
                "enabled": false,
                "mfa_delete": false
              }
            ],
            "website": [],
            "website_domain": null,
            "website_endpoint": null
          },
          "sensitive_attributes": [],
          "private": "bnVsbA=="
        }
      ]
    },
    {
      "module": "module.log_bucket",
      "mode": "managed",
      "type": "aws_s3_bucket_policy",
      "name": "this",
      "provider": "provider[\"registry.terraform.io/hashicorp/aws\"]",
      "instances": [
        {
          "index_key": 0,
          "schema_version": 0,
          "attributes": {
            "bucket": "logs-tfstate-kozlenkov-bucket",
            "id": "logs-tfstate-kozlenkov-bucket",
            "policy": "{\n  \"Version\": \"2012-10-17\",\n  \"Statement\": [\n    {\n      \"Sid\": \"denyInsecureTransport\",\n      \"Effect\": \"Deny\",\n      \"Action\": \"s3:*\",\n      \"Resource\": [\n        \"arn:aws:s3:::logs-tfstate-kozlenkov-bucket/*\",\n        \"arn:aws:s3:::logs-tfstate-kozlenkov-bucket\"\n      ],\n      \"Principal\": \"*\",\n      \"Condition\": {\n        \"Bool\": {\n          \"aws:SecureTransport\": [\n            \"false\"\n          ]\n        }\n      }\n    }\n  ]\n}"
          },
          "sensitive_attributes": [],
          "private": "bnVsbA==",
          "dependencies": [
            "module.log_bucket.aws_s3_bucket.this",
            "module.log_bucket.data.aws_iam_policy_document.combined",
            "module.log_bucket.data.aws_iam_policy_document.deny_insecure_transport",
            "module.log_bucket.data.aws_iam_policy_document.elb_log_delivery",
            "module.log_bucket.data.aws_iam_policy_document.lb_log_delivery"
          ]
        }
      ]
    },
    {
      "module": "module.log_bucket",
      "mode": "managed",
      "type": "aws_s3_bucket_public_access_block",
      "name": "this",
      "provider": "provider[\"registry.terraform.io/hashicorp/aws\"]",
      "instances": [
        {
          "index_key": 0,
          "schema_version": 0,
          "attributes": {
            "block_public_acls": false,
            "block_public_policy": false,
            "bucket": "logs-tfstate-kozlenkov-bucket",
            "id": "logs-tfstate-kozlenkov-bucket",
            "ignore_public_acls": false,
            "restrict_public_buckets": false
          },
          "sensitive_attributes": [],
          "private": "bnVsbA==",
          "dependencies": [
            "module.log_bucket.aws_s3_bucket.this",
            "module.log_bucket.aws_s3_bucket_policy.this",
            "module.log_bucket.data.aws_iam_policy_document.combined",
            "module.log_bucket.data.aws_iam_policy_document.deny_insecure_transport",
            "module.log_bucket.data.aws_iam_policy_document.elb_log_delivery",
            "module.log_bucket.data.aws_iam_policy_document.lb_log_delivery"
          ]
        }
      ]
    },
    {
      "module": "module.state_bucket",
      "mode": "data",
      "type": "aws_iam_policy_document",
      "name": "combined",
      "provider": "provider[\"registry.terraform.io/hashicorp/aws\"]",
      "instances": [
        {
          "index_key": 0,
          "schema_version": 0,
          "attributes": {
            "id": "3203671359",
            "json": "{\n  \"Version\": \"2012-10-17\",\n  \"Statement\": [\n    {\n      \"Sid\": \"denyInsecureTransport\",\n      \"Effect\": \"Deny\",\n      \"Action\": \"s3:*\",\n      \"Resource\": [\n        \"arn:aws:s3:::tfstate-kozlenkov-bucket/*\",\n        \"arn:aws:s3:::tfstate-kozlenkov-bucket\"\n      ],\n      \"Principal\": \"*\",\n      \"Condition\": {\n        \"Bool\": {\n          \"aws:SecureTransport\": [\n            \"false\"\n          ]\n        }\n      }\n    },\n    {\n      \"Sid\": \"\",\n      \"Effect\": \"Allow\",\n      \"Action\": \"s3:ListBucket\",\n      \"Resource\": \"arn:aws:s3:::tfstate-kozlenkov-bucket\",\n      \"Principal\": {\n        \"AWS\": \"arn:aws:iam::253864031318:role/terraform-20211212155414127500000001\"\n      }\n    }\n  ]\n}",
            "override_json": null,
            "override_policy_documents": null,
            "policy_id": null,
            "source_json": null,
            "source_policy_documents": [
              "{\n  \"Version\": \"2012-10-17\",\n  \"Statement\": [\n    {\n      \"Sid\": \"denyInsecureTransport\",\n      \"Effect\": \"Deny\",\n      \"Action\": \"s3:*\",\n      \"Resource\": [\n        \"arn:aws:s3:::tfstate-kozlenkov-bucket/*\",\n        \"arn:aws:s3:::tfstate-kozlenkov-bucket\"\n      ],\n      \"Principal\": \"*\",\n      \"Condition\": {\n        \"Bool\": {\n          \"aws:SecureTransport\": \"false\"\n        }\n      }\n    }\n  ]\n}",
              "{\n  \"Version\": \"2012-10-17\",\n  \"Statement\": [\n    {\n      \"Sid\": \"\",\n      \"Effect\": \"Allow\",\n      \"Action\": \"s3:ListBucket\",\n      \"Resource\": \"arn:aws:s3:::tfstate-kozlenkov-bucket\",\n      \"Principal\": {\n        \"AWS\": \"arn:aws:iam::253864031318:role/terraform-20211212155414127500000001\"\n      }\n    }\n  ]\n}"
            ],
            "statement": null,
            "version": "2012-10-17"
          },
          "sensitive_attributes": []
        }
      ]
    },
    {
      "module": "module.state_bucket",
      "mode": "data",
      "type": "aws_iam_policy_document",
      "name": "deny_insecure_transport",
      "provider": "provider[\"registry.terraform.io/hashicorp/aws\"]",
      "instances": [
        {
          "index_key": 0,
          "schema_version": 0,
          "attributes": {
            "id": "2754364633",
            "json": "{\n  \"Version\": \"2012-10-17\",\n  \"Statement\": [\n    {\n      \"Sid\": \"denyInsecureTransport\",\n      \"Effect\": \"Deny\",\n      \"Action\": \"s3:*\",\n      \"Resource\": [\n        \"arn:aws:s3:::tfstate-kozlenkov-bucket/*\",\n        \"arn:aws:s3:::tfstate-kozlenkov-bucket\"\n      ],\n      \"Principal\": \"*\",\n      \"Condition\": {\n        \"Bool\": {\n          \"aws:SecureTransport\": \"false\"\n        }\n      }\n    }\n  ]\n}",
            "override_json": null,
            "override_policy_documents": null,
            "policy_id": null,
            "source_json": null,
            "source_policy_documents": null,
            "statement": [
              {
                "actions": [
                  "s3:*"
                ],
                "condition": [
                  {
                    "test": "Bool",
                    "values": [
                      "false"
                    ],
                    "variable": "aws:SecureTransport"
                  }
                ],
                "effect": "Deny",
                "not_actions": [],
                "not_principals": [],
                "not_resources": [],
                "principals": [
                  {
                    "identifiers": [
                      "*"
                    ],
                    "type": "*"
                  }
                ],
                "resources": [
                  "arn:aws:s3:::tfstate-kozlenkov-bucket",
                  "arn:aws:s3:::tfstate-kozlenkov-bucket/*"
                ],
                "sid": "denyInsecureTransport"
              }
            ],
            "version": "2012-10-17"
          },
          "sensitive_attributes": []
        }
      ]
    },
    {
      "module": "module.state_bucket",
      "mode": "managed",
      "type": "aws_s3_bucket",
      "name": "this",
      "provider": "provider[\"registry.terraform.io/hashicorp/aws\"]",
      "instances": [
        {
          "index_key": 0,
          "schema_version": 0,
          "attributes": {
            "acceleration_status": "",
            "acl": "private",
            "arn": "arn:aws:s3:::tfstate-kozlenkov-bucket",
            "bucket": "tfstate-kozlenkov-bucket",
            "bucket_domain_name": "tfstate-kozlenkov-bucket.s3.amazonaws.com",
            "bucket_prefix": null,
            "bucket_regional_domain_name": "tfstate-kozlenkov-bucket.s3.eu-west-1.amazonaws.com",
            "cors_rule": [],
            "force_destroy": true,
            "grant": [],
            "hosted_zone_id": "Z1BKCTXD74EZPE",
            "id": "tfstate-kozlenkov-bucket",
            "lifecycle_rule": [
              {
                "abort_incomplete_multipart_upload_days": 0,
                "enabled": true,
                "expiration": [
                  {
                    "date": "",
                    "days": 90,
                    "expired_object_delete_marker": false
                  }
                ],
                "id": "log",
                "noncurrent_version_expiration": [
                  {
                    "days": 30
                  }
                ],
                "noncurrent_version_transition": [],
                "prefix": "log/",
                "tags": {
                  "autoclean": "true",
                  "rule": "log"
                },
                "transition": [
                  {
                    "date": "",
                    "days": 30,
                    "storage_class": "ONEZONE_IA"
                  },
                  {
                    "date": "",
                    "days": 60,
                    "storage_class": "GLACIER"
                  }
                ]
              },
              {
                "abort_incomplete_multipart_upload_days": 7,
                "enabled": true,
                "expiration": [],
                "id": "log1",
                "noncurrent_version_expiration": [
                  {
                    "days": 300
                  }
                ],
                "noncurrent_version_transition": [
                  {
                    "days": 30,
                    "storage_class": "STANDARD_IA"
                  },
                  {
                    "days": 60,
                    "storage_class": "ONEZONE_IA"
                  },
                  {
                    "days": 90,
                    "storage_class": "GLACIER"
                  }
                ],
                "prefix": "log1/",
                "tags": null,
                "transition": []
              }
            ],
            "logging": [
              {
                "target_bucket": "logs-tfstate-kozlenkov-bucket",
                "target_prefix": "log/"
              }
            ],
            "object_lock_configuration": [
              {
                "object_lock_enabled": "Enabled",
                "rule": [
                  {
                    "default_retention": [
                      {
                        "days": 1,
                        "mode": "GOVERNANCE",
                        "years": 0
                      }
                    ]
                  }
                ]
              }
            ],
            "policy": null,
            "region": "eu-west-1",
            "replication_configuration": [],
            "request_payer": "BucketOwner",
            "server_side_encryption_configuration": [
              {
                "rule": [
                  {
                    "apply_server_side_encryption_by_default": [
                      {
                        "kms_master_key_id": "arn:aws:kms:eu-west-1:253864031318:key/885b11df-ab49-490f-9d4c-f2572f7ae1a4",
                        "sse_algorithm": "aws:kms"
                      }
                    ],
                    "bucket_key_enabled": false
                  }
                ]
              }
            ],
            "tags": {
              "Environment": "stage",
              "Owner": "Artem",
              "Terraform": "true"
            },
            "tags_all": {
              "Environment": "stage",
              "Owner": "Artem",
              "Terraform": "true"
            },
            "versioning": [
              {
                "enabled": true,
                "mfa_delete": false
              }
            ],
            "website": [],
            "website_domain": null,
            "website_endpoint": null
          },
          "sensitive_attributes": [],
          "private": "bnVsbA==",
          "dependencies": [
            "aws_kms_key.objects",
            "module.log_bucket.aws_s3_bucket.this",
            "module.log_bucket.aws_s3_bucket_policy.this",
            "module.log_bucket.data.aws_iam_policy_document.combined",
            "module.log_bucket.data.aws_iam_policy_document.deny_insecure_transport",
            "module.log_bucket.data.aws_iam_policy_document.elb_log_delivery",
            "module.log_bucket.data.aws_iam_policy_document.lb_log_delivery"
          ]
        }
      ]
    },
    {
      "module": "module.state_bucket",
      "mode": "managed",
      "type": "aws_s3_bucket_ownership_controls",
      "name": "this",
      "provider": "provider[\"registry.terraform.io/hashicorp/aws\"]",
      "instances": [
        {
          "index_key": 0,
          "schema_version": 0,
          "attributes": {
            "bucket": "tfstate-kozlenkov-bucket",
            "id": "tfstate-kozlenkov-bucket",
            "rule": [
              {
                "object_ownership": "BucketOwnerPreferred"
              }
            ]
          },
          "sensitive_attributes": [],
          "private": "bnVsbA==",
          "dependencies": [
            "aws_kms_key.objects",
            "data.aws_iam_policy_document.bucket_policy",
            "module.log_bucket.aws_s3_bucket.this",
            "module.log_bucket.aws_s3_bucket_policy.this",
            "module.log_bucket.data.aws_iam_policy_document.combined",
            "module.log_bucket.data.aws_iam_policy_document.deny_insecure_transport",
            "module.log_bucket.data.aws_iam_policy_document.elb_log_delivery",
            "module.log_bucket.data.aws_iam_policy_document.lb_log_delivery",
            "module.state_bucket.aws_s3_bucket.this",
            "module.state_bucket.aws_s3_bucket_policy.this",
            "module.state_bucket.aws_s3_bucket_public_access_block.this",
            "module.state_bucket.data.aws_iam_policy_document.combined",
            "module.state_bucket.data.aws_iam_policy_document.deny_insecure_transport",
            "module.state_bucket.data.aws_iam_policy_document.elb_log_delivery",
            "module.state_bucket.data.aws_iam_policy_document.lb_log_delivery"
          ]
        }
      ]
    },
    {
      "module": "module.state_bucket",
      "mode": "managed",
      "type": "aws_s3_bucket_policy",
      "name": "this",
      "provider": "provider[\"registry.terraform.io/hashicorp/aws\"]",
      "instances": [
        {
          "index_key": 0,
          "schema_version": 0,
          "attributes": {
            "bucket": "tfstate-kozlenkov-bucket",
            "id": "tfstate-kozlenkov-bucket",
            "policy": "{\n  \"Version\": \"2012-10-17\",\n  \"Statement\": [\n    {\n      \"Sid\": \"denyInsecureTransport\",\n      \"Effect\": \"Deny\",\n      \"Action\": \"s3:*\",\n      \"Resource\": [\n        \"arn:aws:s3:::tfstate-kozlenkov-bucket/*\",\n        \"arn:aws:s3:::tfstate-kozlenkov-bucket\"\n      ],\n      \"Principal\": \"*\",\n      \"Condition\": {\n        \"Bool\": {\n          \"aws:SecureTransport\": [\n            \"false\"\n          ]\n        }\n      }\n    },\n    {\n      \"Sid\": \"\",\n      \"Effect\": \"Allow\",\n      \"Action\": \"s3:ListBucket\",\n      \"Resource\": \"arn:aws:s3:::tfstate-kozlenkov-bucket\",\n      \"Principal\": {\n        \"AWS\": \"arn:aws:iam::253864031318:role/terraform-20211212155414127500000001\"\n      }\n    }\n  ]\n}"
          },
          "sensitive_attributes": [],
          "private": "bnVsbA==",
          "dependencies": [
            "aws_kms_key.objects",
            "data.aws_iam_policy_document.bucket_policy",
            "module.log_bucket.aws_s3_bucket.this",
            "module.log_bucket.aws_s3_bucket_policy.this",
            "module.log_bucket.data.aws_iam_policy_document.combined",
            "module.log_bucket.data.aws_iam_policy_document.deny_insecure_transport",
            "module.log_bucket.data.aws_iam_policy_document.elb_log_delivery",
            "module.log_bucket.data.aws_iam_policy_document.lb_log_delivery",
            "module.state_bucket.aws_s3_bucket.this",
            "module.state_bucket.data.aws_iam_policy_document.combined",
            "module.state_bucket.data.aws_iam_policy_document.deny_insecure_transport",
            "module.state_bucket.data.aws_iam_policy_document.elb_log_delivery",
            "module.state_bucket.data.aws_iam_policy_document.lb_log_delivery"
          ]
        }
      ]
    },
    {
      "module": "module.state_bucket",
      "mode": "managed",
      "type": "aws_s3_bucket_public_access_block",
      "name": "this",
      "provider": "provider[\"registry.terraform.io/hashicorp/aws\"]",
      "instances": [
        {
          "index_key": 0,
          "schema_version": 0,
          "attributes": {
            "block_public_acls": true,
            "block_public_policy": true,
            "bucket": "tfstate-kozlenkov-bucket",
            "id": "tfstate-kozlenkov-bucket",
            "ignore_public_acls": true,
            "restrict_public_buckets": true
          },
          "sensitive_attributes": [],
          "private": "bnVsbA==",
          "dependencies": [
            "aws_kms_key.objects",
            "data.aws_iam_policy_document.bucket_policy",
            "module.log_bucket.aws_s3_bucket.this",
            "module.log_bucket.aws_s3_bucket_policy.this",
            "module.log_bucket.data.aws_iam_policy_document.combined",
            "module.log_bucket.data.aws_iam_policy_document.deny_insecure_transport",
            "module.log_bucket.data.aws_iam_policy_document.elb_log_delivery",
            "module.log_bucket.data.aws_iam_policy_document.lb_log_delivery",
            "module.state_bucket.aws_s3_bucket.this",
            "module.state_bucket.aws_s3_bucket_policy.this",
            "module.state_bucket.data.aws_iam_policy_document.combined",
            "module.state_bucket.data.aws_iam_policy_document.deny_insecure_transport",
            "module.state_bucket.data.aws_iam_policy_document.elb_log_delivery",
            "module.state_bucket.data.aws_iam_policy_document.lb_log_delivery"
          ]
        }
      ]
    }
  ]
}
